// !$*UTF8*$!
{
	archiveVersion = 1;
	classes = {
	};
	objectVersion = 46;
	objects = {

/* Begin PBXBuildFile section */
		7D04F3201DEDC0C8002DB4A1 /* AppDelegate.swift in Sources */ = {isa = PBXBuildFile; fileRef = 7D04F31F1DEDC0C8002DB4A1 /* AppDelegate.swift */; };
		7D04F3221DEDC0C8002DB4A1 /* ViewController.swift in Sources */ = {isa = PBXBuildFile; fileRef = 7D04F3211DEDC0C8002DB4A1 /* ViewController.swift */; };
		7D04F3241DEDC0C8002DB4A1 /* Document.swift in Sources */ = {isa = PBXBuildFile; fileRef = 7D04F3231DEDC0C8002DB4A1 /* Document.swift */; };
		7D04F3261DEDC0C8002DB4A1 /* Assets.xcassets in Resources */ = {isa = PBXBuildFile; fileRef = 7D04F3251DEDC0C8002DB4A1 /* Assets.xcassets */; };
		7D04F3291DEDC0C8002DB4A1 /* Main.storyboard in Resources */ = {isa = PBXBuildFile; fileRef = 7D04F3271DEDC0C8002DB4A1 /* Main.storyboard */; };
		7D0B2FDA1DEDC9470032703A /* BezierView.swift in Sources */ = {isa = PBXBuildFile; fileRef = 7D0B2FD81DEDC9470032703A /* BezierView.swift */; };
		7D0B2FDB1DEDC9470032703A /* NSBezierPath+Arrow.swift in Sources */ = {isa = PBXBuildFile; fileRef = 7D0B2FD91DEDC9470032703A /* NSBezierPath+Arrow.swift */; };
		7DCF547B1DEEFF4E00225461 /* WindowController.swift in Sources */ = {isa = PBXBuildFile; fileRef = 7DCF547A1DEEFF4E00225461 /* WindowController.swift */; };
/* End PBXBuildFile section */

/* Begin PBXFileReference section */
		7D04F31C1DEDC0C8002DB4A1 /* DocumentBasedApplication.app */ = {isa = PBXFileReference; explicitFileType = wrapper.application; includeInIndex = 0; path = DocumentBasedApplication.app; sourceTree = BUILT_PRODUCTS_DIR; };
		7D04F31F1DEDC0C8002DB4A1 /* AppDelegate.swift */ = {isa = PBXFileReference; lastKnownFileType = sourcecode.swift; path = AppDelegate.swift; sourceTree = "<group>"; };
		7D04F3211DEDC0C8002DB4A1 /* ViewController.swift */ = {isa = PBXFileReference; lastKnownFileType = sourcecode.swift; path = ViewController.swift; sourceTree = "<group>"; };
		7D04F3231DEDC0C8002DB4A1 /* Document.swift */ = {isa = PBXFileReference; lastKnownFileType = sourcecode.swift; path = Document.swift; sourceTree = "<group>"; };
		7D04F3251DEDC0C8002DB4A1 /* Assets.xcassets */ = {isa = PBXFileReference; lastKnownFileType = folder.assetcatalog; path = Assets.xcassets; sourceTree = "<group>"; };
		7D04F3281DEDC0C8002DB4A1 /* Base */ = {isa = PBXFileReference; lastKnownFileType = file.storyboard; name = Base; path = Base.lproj/Main.storyboard; sourceTree = "<group>"; };
		7D04F32A1DEDC0C8002DB4A1 /* Info.plist */ = {isa = PBXFileReference; lastKnownFileType = text.plist.xml; path = Info.plist; sourceTree = "<group>"; };
		7D0B2FD81DEDC9470032703A /* BezierView.swift */ = {isa = PBXFileReference; fileEncoding = 4; lastKnownFileType = sourcecode.swift; path = BezierView.swift; sourceTree = "<group>"; };
		7D0B2FD91DEDC9470032703A /* NSBezierPath+Arrow.swift */ = {isa = PBXFileReference; fileEncoding = 4; lastKnownFileType = sourcecode.swift; path = "NSBezierPath+Arrow.swift"; sourceTree = "<group>"; };
		7DCF547A1DEEFF4E00225461 /* WindowController.swift */ = {isa = PBXFileReference; fileEncoding = 4; lastKnownFileType = sourcecode.swift; path = WindowController.swift; sourceTree = "<group>"; };
/* End PBXFileReference section */

/* Begin PBXFrameworksBuildPhase section */
		7D04F3191DEDC0C8002DB4A1 /* Frameworks */ = {
			isa = PBXFrameworksBuildPhase;
			buildActionMask = 2147483647;
			files = (
			);
			runOnlyForDeploymentPostprocessing = 0;
		};
/* End PBXFrameworksBuildPhase section */

/* Begin PBXGroup section */
		7D04F3131DEDC0C8002DB4A1 = {
			isa = PBXGroup;
			children = (
				7D04F31E1DEDC0C8002DB4A1 /* DocumentBasedApplication */,
				7D04F31D1DEDC0C8002DB4A1 /* Products */,
			);
			sourceTree = "<group>";
		};
		7D04F31D1DEDC0C8002DB4A1 /* Products */ = {
			isa = PBXGroup;
			children = (
				7D04F31C1DEDC0C8002DB4A1 /* DocumentBasedApplication.app */,
			);
			name = Products;
			sourceTree = "<group>";
		};
		7D04F31E1DEDC0C8002DB4A1 /* DocumentBasedApplication */ = {
			isa = PBXGroup;
			children = (
				7D04F31F1DEDC0C8002DB4A1 /* AppDelegate.swift */,
				7D04F3231DEDC0C8002DB4A1 /* Document.swift */,
				7D04F3211DEDC0C8002DB4A1 /* ViewController.swift */,
				7D0B2FD81DEDC9470032703A /* BezierView.swift */,
				7D0B2FD91DEDC9470032703A /* NSBezierPath+Arrow.swift */,
				7D04F3251DEDC0C8002DB4A1 /* Assets.xcassets */,
				7D04F3271DEDC0C8002DB4A1 /* Main.storyboard */,
				7DCF547A1DEEFF4E00225461 /* WindowController.swift */,
				7D04F32A1DEDC0C8002DB4A1 /* Info.plist */,
			);
			path = DocumentBasedApplication;
			sourceTree = "<group>";
		};
/* End PBXGroup section */

/* Begin PBXNativeTarget section */
		7D04F31B1DEDC0C8002DB4A1 /* DocumentBasedApplication */ = {
			isa = PBXNativeTarget;
			buildConfigurationList = 7D04F32D1DEDC0C8002DB4A1 /* Build configuration list for PBXNativeTarget "DocumentBasedApplication" */;
			buildPhases = (
				7D04F3181DEDC0C8002DB4A1 /* Sources */,
				7D04F3191DEDC0C8002DB4A1 /* Frameworks */,
				7D04F31A1DEDC0C8002DB4A1 /* Resources */,
			);
			buildRules = (
			);
			dependencies = (
			);
			name = DocumentBasedApplication;
			productName = DocumentBasedApplication;
			productReference = 7D04F31C1DEDC0C8002DB4A1 /* DocumentBasedApplication.app */;
			productType = "com.apple.product-type.application";
		};
/* End PBXNativeTarget section */

/* Begin PBXProject section */
		7D04F3141DEDC0C8002DB4A1 /* Project object */ = {
			isa = PBXProject;
			attributes = {
				LastSwiftUpdateCheck = 0810;
				LastUpgradeCheck = 0820;
				ORGANIZATIONNAME = "Friedrich HAEUPL";
				TargetAttributes = {
					7D04F31B1DEDC0C8002DB4A1 = {
						CreatedOnToolsVersion = 8.1;
						ProvisioningStyle = Automatic;
					};
				};
			};
			buildConfigurationList = 7D04F3171DEDC0C8002DB4A1 /* Build configuration list for PBXProject "DocumentBasedApplication" */;
			compatibilityVersion = "Xcode 3.2";
			developmentRegion = English;
			hasScannedForEncodings = 0;
			knownRegions = (
				en,
				Base,
			);
			mainGroup = 7D04F3131DEDC0C8002DB4A1;
			productRefGroup = 7D04F31D1DEDC0C8002DB4A1 /* Products */;
			projectDirPath = "";
			projectRoot = "";
			targets = (
				7D04F31B1DEDC0C8002DB4A1 /* DocumentBasedApplication */,
			);
		};
/* End PBXProject section */

/* Begin PBXResourcesBuildPhase section */
		7D04F31A1DEDC0C8002DB4A1 /* Resources */ = {
			isa = PBXResourcesBuildPhase;
			buildActionMask = 2147483647;
			files = (
				7D04F3261DEDC0C8002DB4A1 /* Assets.xcassets in Resources */,
				7D04F3291DEDC0C8002DB4A1 /* Main.storyboard in Resources */,
			);
			runOnlyForDeploymentPostprocessing = 0;
		};
/* End PBXResourcesBuildPhase section */

/* Begin PBXSourcesBuildPhase section */
		7D04F3181DEDC0C8002DB4A1 /* Sources */ = {
			isa = PBXSourcesBuildPhase;
			buildActionMask = 2147483647;
			files = (
				7D04F3221DEDC0C8002DB4A1 /* ViewController.swift in Sources */,
				7DCF547B1DEEFF4E00225461 /* WindowController.swift in Sources */,
				7D04F3201DEDC0C8002DB4A1 /* AppDelegate.swift in Sources */,
				7D04F3241DEDC0C8002DB4A1 /* Document.swift in Sources */,
				7D0B2FDB1DEDC9470032703A /* NSBezierPath+Arrow.swift in Sources */,
				7D0B2FDA1DEDC9470032703A /* BezierView.swift in Sources */,
			);
			runOnlyForDeploymentPostprocessing = 0;
		};
/* End PBXSourcesBuildPhase section */

/* Begin PBXVariantGroup section */
		7D04F3271DEDC0C8002DB4A1 /* Main.storyboard */ = {
			isa = PBXVariantGroup;
			children = (
				7D04F3281DEDC0C8002DB4A1 /* Base */,
			);
			name = Main.storyboard;
			sourceTree = "<group>";
		};
/* End PBXVariantGroup section */

/* Begin XCBuildConfiguration section */
		7D04F32B1DEDC0C8002DB4A1 /* Debug */ = {
			isa = XCBuildConfiguration;
			buildSettings = {
				ALWAYS_SEARCH_USER_PATHS = NO;
				CLANG_ANALYZER_NONNULL = YES;
				CLANG_CXX_LANGUAGE_STANDARD = "gnu++0x";
				CLANG_CXX_LIBRARY = "libc++";
				CLANG_ENABLE_MODULES = YES;
				CLANG_ENABLE_OBJC_ARC = YES;
				CLANG_WARN_BOOL_CONVERSION = YES;
				CLANG_WARN_CONSTANT_CONVERSION = YES;
				CLANG_WARN_DIRECT_OBJC_ISA_USAGE = YES_ERROR;
				CLANG_WARN_DOCUMENTATION_COMMENTS = YES;
				CLANG_WARN_EMPTY_BODY = YES;
				CLANG_WARN_ENUM_CONVERSION = YES;
				CLANG_WARN_INFINITE_RECURSION = YES;
				CLANG_WARN_INT_CONVERSION = YES;
				CLANG_WARN_OBJC_ROOT_CLASS = YES_ERROR;
				CLANG_WARN_SUSPICIOUS_MOVE = YES;
				CLANG_WARN_SUSPICIOUS_MOVES = YES;
				CLANG_WARN_UNREACHABLE_CODE = YES;
				CLANG_WARN__DUPLICATE_METHOD_MATCH = YES;
				CODE_SIGN_IDENTITY = "-";
				COPY_PHASE_STRIP = NO;
				DEBUG_INFORMATION_FORMAT = dwarf;
				ENABLE_STRICT_OBJC_MSGSEND = YES;
				ENABLE_TESTABILITY = YES;
				GCC_C_LANGUAGE_STANDARD = gnu99;
				GCC_DYNAMIC_NO_PIC = NO;
				GCC_NO_COMMON_BLOCKS = YES;
				GCC_OPTIMIZATION_LEVEL = 0;
				GCC_PREPROCESSOR_DEFINITIONS = (
					"DEBUG=1",
					"$(inherited)",
				);
				GCC_WARN_64_TO_32_BIT_CONVERSION = YES;
				GCC_WARN_ABOUT_RETURN_TYPE = YES_ERROR;
				GCC_WARN_UNDECLARED_SELECTOR = YES;
				GCC_WARN_UNINITIALIZED_AUTOS = YES_AGGRESSIVE;
				GCC_WARN_UNUSED_FUNCTION = YES;
				GCC_WARN_UNUSED_VARIABLE = YES;
				MACOSX_DEPLOYMENT_TARGET = 10.12;
				MTL_ENABLE_DEBUG_INFO = YES;
				ONLY_ACTIVE_ARCH = YES;
				SDKROOT = macosx;
				SWIFT_ACTIVE_COMPILATION_CONDITIONS = DEBUG;
				SWIFT_OPTIMIZATION_LEVEL = "-Onone";
			};
			name = Debug;
		};
		7D04F32C1DEDC0C8002DB4A1 /* Release */ = {
			isa = XCBuildConfiguration;
			buildSettings = {
				ALWAYS_SEARCH_USER_PATHS = NO;
				CLANG_ANALYZER_NONNULL = YES;
				CLANG_CXX_LANGUAGE_STANDARD = "gnu++0x";
				CLANG_CXX_LIBRARY = "libc++";
				CLANG_ENABLE_MODULES = YES;
				CLANG_ENABLE_OBJC_ARC = YES;
				CLANG_WARN_BOOL_CONVERSION = YES;
				CLANG_WARN_CONSTANT_CONVERSION = YES;
				CLANG_WARN_DIRECT_OBJC_ISA_USAGE = YES_ERROR;
				CLANG_WARN_DOCUMENTATION_COMMENTS = YES;
				CLANG_WARN_EMPTY_BODY = YES;
				CLANG_WARN_ENUM_CONVERSION = YES;
				CLANG_WARN_INFINITE_RECURSION = YES;
				CLANG_WARN_INT_CONVERSION = YES;
				CLANG_WARN_OBJC_ROOT_CLASS = YES_ERROR;
				CLANG_WARN_SUSPICIOUS_MOVE = YES;
				CLANG_WARN_SUSPICIOUS_MOVES = YES;
				CLANG_WARN_UNREACHABLE_CODE = YES;
				CLANG_WARN__DUPLICATE_METHOD_MATCH = YES;
				CODE_SIGN_IDENTITY = "-";
				COPY_PHASE_STRIP = NO;
				DEBUG_INFORMATION_FORMAT = "dwarf-with-dsym";
				ENABLE_NS_ASSERTIONS = NO;
				ENABLE_STRICT_OBJC_MSGSEND = YES;
				GCC_C_LANGUAGE_STANDARD = gnu99;
				GCC_NO_COMMON_BLOCKS = YES;
				GCC_WARN_64_TO_32_BIT_CONVERSION = YES;
				GCC_WARN_ABOUT_RETURN_TYPE = YES_ERROR;
				GCC_WARN_UNDECLARED_SELECTOR = YES;
				GCC_WARN_UNINITIALIZED_AUTOS = YES_AGGRESSIVE;
				GCC_WARN_UNUSED_FUNCTION = YES;
				GCC_WARN_UNUSED_VARIABLE = YES;
				MACOSX_DEPLOYMENT_TARGET = 10.12;
				MTL_ENABLE_DEBUG_INFO = NO;
				SDKROOT = macosx;
				SWIFT_OPTIMIZATION_LEVEL = "-Owholemodule";
			};
			name = Release;
		};
		7D04F32E1DEDC0C8002DB4A1 /* Debug */ = {
			isa = XCBuildConfiguration;
			buildSettings = {
				ASSETCATALOG_COMPILER_APPICON_NAME = AppIcon;
				COMBINE_HIDPI_IMAGES = YES;
				INFOPLIST_FILE = DocumentBasedApplication/Info.plist;
				LD_RUNPATH_SEARCH_PATHS = "$(inherited) @executable_path/../Frameworks";
				PRODUCT_BUNDLE_IDENTIFIER = "com.best-of-fritz.test.DocumentBasedApplication";
				PRODUCT_NAME = "$(TARGET_NAME)";
				SWIFT_VERSION = 3.0;
			};
			name = Debug;
		};
		7D04F32F1DEDC0C8002DB4A1 /* Release */ = {
			isa = XCBuildConfiguration;
			buildSettings = {
				ASSETCATALOG_COMPILER_APPICON_NAME = AppIcon;
				COMBINE_HIDPI_IMAGES = YES;
				INFOPLIST_FILE = DocumentBasedApplication/Info.plist;
				LD_RUNPATH_SEARCH_PATHS = "$(inherited) @executable_path/../Frameworks";
				PRODUCT_BUNDLE_IDENTIFIER = "com.best-of-fritz.test.DocumentBasedApplication";
				PRODUCT_NAME = "$(TARGET_NAME)";
				SWIFT_VERSION = 3.0;
			};
			name = Release;
		};
/* End XCBuildConfiguration section */

/* Begin XCConfigurationList section */
		7D04F3171DEDC0C8002DB4A1 /* Build configuration list for PBXProject "DocumentBasedApplication" */ = {
			isa = XCConfigurationList;
			buildConfigurations = (
				7D04F32B1DEDC0C8002DB4A1 /* Debug */,
				7D04F32C1DEDC0C8002DB4A1 /* Release */,
			);
			defaultConfigurationIsVisible = 0;
			defaultConfigurationName = Release;
		};
		7D04F32D1DEDC0C8002DB4A1 /* Build configuration list for PBXNativeTarget "DocumentBasedApplication" */ = {
			isa = XCConfigurationList;
			buildConfigurations = (
				7D04F32E1DEDC0C8002DB4A1 /* Debug */,
				7D04F32F1DEDC0C8002DB4A1 /* Release */,
			);
			defaultConfigurationIsVisible = 0;
			defaultConfigurationName = Release;
		};
/* End XCConfigurationList section */
	};
	rootObject = 7D04F3141DEDC0C8002DB4A1 /* Project object */;
}
